
Microsoft Visual Studio Solution File, Format Version 12.00
# Visual Studio Version 17
VisualStudioVersion = 17.3.32929.385
MinimumVisualStudioVersion = 10.0.40219.1
Project("{FAE04EC0-301F-11D3-BF4B-00C04F79EFBC}") = "TP_Multihilos", "TP_Multihilos\TP_Multihilos.csproj", "{021F7509-2BC2-41A4-8D3C-C3E7B259264A}"
EndProject
Global
	GlobalSection(SolutionConfigurationPlatforms) = preSolution
		Debug|Any CPU = Debug|Any CPU
		Release|Any CPU = Release|Any CPU
	EndGlobalSection
	GlobalSection(ProjectConfigurationPlatforms) = postSolution
		{021F7509-2BC2-41A4-8D3C-C3E7B259264A}.Debug|Any CPU.ActiveCfg = Debug|Any CPU
		{021F7509-2BC2-41A4-8D3C-C3E7B259264A}.Debug|Any CPU.Build.0 = Debug|Any CPU
		{021F7509-2BC2-41A4-8D3C-C3E7B259264A}.Release|Any CPU.ActiveCfg = Release|Any CPU
		{021F7509-2BC2-41A4-8D3C-C3E7B259264A}.Release|Any CPU.Build.0 = Release|Any CPU
	EndGlobalSection
	GlobalSection(SolutionProperties) = preSolution
		HideSolutionNode = FALSE
	EndGlobalSection
	GlobalSection(ExtensibilityGlobals) = postSolution
		SolutionGuid = {1ECC4FA1-18D0-4B62-A99A-E09897C8BBCD}
	EndGlobalSection
EndGlobal
